// !$*UTF8*$!
{
	archiveVersion = 1;
	classes = {
	};
	objectVersion = 51;
	objects = {

/* Begin PBXBuildFile section */
		A4C556AB24BF1578000631B0 /* AppDelegate.swift in Sources */ = {isa = PBXBuildFile; fileRef = A4C556AA24BF1578000631B0 /* AppDelegate.swift */; };
		A4C556AF24BF1578000631B0 /* RootTableViewController.swift in Sources */ = {isa = PBXBuildFile; fileRef = A4C556AE24BF1578000631B0 /* RootTableViewController.swift */; };
		A4C556B224BF1578000631B0 /* Main.storyboard in Resources */ = {isa = PBXBuildFile; fileRef = A4C556B024BF1578000631B0 /* Main.storyboard */; };
		A4C556B424BF157C000631B0 /* Assets.xcassets in Resources */ = {isa = PBXBuildFile; fileRef = A4C556B324BF157C000631B0 /* Assets.xcassets */; };
		A4C556B724BF157C000631B0 /* LaunchScreen.storyboard in Resources */ = {isa = PBXBuildFile; fileRef = A4C556B524BF157C000631B0 /* LaunchScreen.storyboard */; };
		A4C556C224BF157D000631B0 /* RxSwiftDemoTests.swift in Sources */ = {isa = PBXBuildFile; fileRef = A4C556C124BF157D000631B0 /* RxSwiftDemoTests.swift */; };
		A4C556CE24BF1777000631B0 /* RxBlocking.framework in Frameworks */ = {isa = PBXBuildFile; fileRef = A4C556CD24BF1777000631B0 /* RxBlocking.framework */; };
		A4C556D224BF177B000631B0 /* RxCocoa.framework in Frameworks */ = {isa = PBXBuildFile; fileRef = A4C556D124BF177B000631B0 /* RxCocoa.framework */; };
		A4C556D524BF1783000631B0 /* RxRelay.framework in Frameworks */ = {isa = PBXBuildFile; fileRef = A4C556D424BF1783000631B0 /* RxRelay.framework */; };
		A4C556D824BF1787000631B0 /* RxSwift.framework in Frameworks */ = {isa = PBXBuildFile; fileRef = A4C556D724BF1787000631B0 /* RxSwift.framework */; };
		A4C556DF24BF1B0F000631B0 /* ExampleCell.swift in Sources */ = {isa = PBXBuildFile; fileRef = A4C556DE24BF1B0F000631B0 /* ExampleCell.swift */; };
/* End PBXBuildFile section */

/* Begin PBXContainerItemProxy section */
		A4C556BE24BF157D000631B0 /* PBXContainerItemProxy */ = {
			isa = PBXContainerItemProxy;
			containerPortal = A4C5569F24BF1578000631B0 /* Project object */;
			proxyType = 1;
			remoteGlobalIDString = A4C556A624BF1578000631B0;
			remoteInfo = RxSwiftDemo;
		};
/* End PBXContainerItemProxy section */

/* Begin PBXFileReference section */
		A4C556A724BF1578000631B0 /* RxSwiftDemo.app */ = {isa = PBXFileReference; explicitFileType = wrapper.application; includeInIndex = 0; path = RxSwiftDemo.app; sourceTree = BUILT_PRODUCTS_DIR; };
		A4C556AA24BF1578000631B0 /* AppDelegate.swift */ = {isa = PBXFileReference; lastKnownFileType = sourcecode.swift; path = AppDelegate.swift; sourceTree = "<group>"; };
		A4C556AE24BF1578000631B0 /* RootTableViewController.swift */ = {isa = PBXFileReference; lastKnownFileType = sourcecode.swift; path = RootTableViewController.swift; sourceTree = "<group>"; };
		A4C556B124BF1578000631B0 /* Base */ = {isa = PBXFileReference; lastKnownFileType = file.storyboard; name = Base; path = Base.lproj/Main.storyboard; sourceTree = "<group>"; };
		A4C556B324BF157C000631B0 /* Assets.xcassets */ = {isa = PBXFileReference; lastKnownFileType = folder.assetcatalog; path = Assets.xcassets; sourceTree = "<group>"; };
		A4C556B624BF157C000631B0 /* Base */ = {isa = PBXFileReference; lastKnownFileType = file.storyboard; name = Base; path = Base.lproj/LaunchScreen.storyboard; sourceTree = "<group>"; };
		A4C556B824BF157C000631B0 /* Info.plist */ = {isa = PBXFileReference; lastKnownFileType = text.plist.xml; path = Info.plist; sourceTree = "<group>"; };
		A4C556BD24BF157D000631B0 /* RxSwiftDemoTests.xctest */ = {isa = PBXFileReference; explicitFileType = wrapper.cfbundle; includeInIndex = 0; path = RxSwiftDemoTests.xctest; sourceTree = BUILT_PRODUCTS_DIR; };
		A4C556C124BF157D000631B0 /* RxSwiftDemoTests.swift */ = {isa = PBXFileReference; lastKnownFileType = sourcecode.swift; path = RxSwiftDemoTests.swift; sourceTree = "<group>"; };
		A4C556C324BF157D000631B0 /* Info.plist */ = {isa = PBXFileReference; lastKnownFileType = text.plist.xml; path = Info.plist; sourceTree = "<group>"; };
		A4C556CD24BF1777000631B0 /* RxBlocking.framework */ = {isa = PBXFileReference; lastKnownFileType = wrapper.framework; name = RxBlocking.framework; path = Carthage/Build/iOS/RxBlocking.framework; sourceTree = "<group>"; };
		A4C556D124BF177B000631B0 /* RxCocoa.framework */ = {isa = PBXFileReference; lastKnownFileType = wrapper.framework; name = RxCocoa.framework; path = Carthage/Build/iOS/RxCocoa.framework; sourceTree = "<group>"; };
		A4C556D424BF1783000631B0 /* RxRelay.framework */ = {isa = PBXFileReference; lastKnownFileType = wrapper.framework; name = RxRelay.framework; path = Carthage/Build/iOS/RxRelay.framework; sourceTree = "<group>"; };
		A4C556D724BF1787000631B0 /* RxSwift.framework */ = {isa = PBXFileReference; lastKnownFileType = wrapper.framework; name = RxSwift.framework; path = Carthage/Build/iOS/RxSwift.framework; sourceTree = "<group>"; };
		A4C556DA24BF178B000631B0 /* RxTest.framework */ = {isa = PBXFileReference; lastKnownFileType = wrapper.framework; name = RxTest.framework; path = Carthage/Build/iOS/RxTest.framework; sourceTree = "<group>"; };
		A4C556DE24BF1B0F000631B0 /* ExampleCell.swift */ = {isa = PBXFileReference; lastKnownFileType = sourcecode.swift; path = ExampleCell.swift; sourceTree = "<group>"; };
/* End PBXFileReference section */

/* Begin PBXFrameworksBuildPhase section */
		A4C556A424BF1578000631B0 /* Frameworks */ = {
			isa = PBXFrameworksBuildPhase;
			buildActionMask = 2147483647;
			files = (
				A4C556D824BF1787000631B0 /* RxSwift.framework in Frameworks */,
				A4C556D224BF177B000631B0 /* RxCocoa.framework in Frameworks */,
				A4C556CE24BF1777000631B0 /* RxBlocking.framework in Frameworks */,
				A4C556D524BF1783000631B0 /* RxRelay.framework in Frameworks */,
			);
			runOnlyForDeploymentPostprocessing = 0;
		};
		A4C556BA24BF157D000631B0 /* Frameworks */ = {
			isa = PBXFrameworksBuildPhase;
			buildActionMask = 2147483647;
			files = (
			);
			runOnlyForDeploymentPostprocessing = 0;
		};
/* End PBXFrameworksBuildPhase section */

/* Begin PBXGroup section */
		A4C5569E24BF1578000631B0 = {
			isa = PBXGroup;
			children = (
				A4C556A924BF1578000631B0 /* RxSwiftDemo */,
				A4C556C024BF157D000631B0 /* RxSwiftDemoTests */,
				A4C556A824BF1578000631B0 /* Products */,
				A4C556CC24BF1777000631B0 /* Frameworks */,
			);
			sourceTree = "<group>";
		};
		A4C556A824BF1578000631B0 /* Products */ = {
			isa = PBXGroup;
			children = (
				A4C556A724BF1578000631B0 /* RxSwiftDemo.app */,
				A4C556BD24BF157D000631B0 /* RxSwiftDemoTests.xctest */,
			);
			name = Products;
			sourceTree = "<group>";
		};
		A4C556A924BF1578000631B0 /* RxSwiftDemo */ = {
			isa = PBXGroup;
			children = (
				A4C556AA24BF1578000631B0 /* AppDelegate.swift */,
				A4C556AE24BF1578000631B0 /* RootTableViewController.swift */,
				A4C556DE24BF1B0F000631B0 /* ExampleCell.swift */,
				A4C556B024BF1578000631B0 /* Main.storyboard */,
				A4C556B324BF157C000631B0 /* Assets.xcassets */,
				A4C556B524BF157C000631B0 /* LaunchScreen.storyboard */,
				A4C556B824BF157C000631B0 /* Info.plist */,
			);
			path = RxSwiftDemo;
			sourceTree = "<group>";
		};
		A4C556C024BF157D000631B0 /* RxSwiftDemoTests */ = {
			isa = PBXGroup;
			children = (
				A4C556C124BF157D000631B0 /* RxSwiftDemoTests.swift */,
				A4C556C324BF157D000631B0 /* Info.plist */,
			);
			path = RxSwiftDemoTests;
			sourceTree = "<group>";
		};
		A4C556CC24BF1777000631B0 /* Frameworks */ = {
			isa = PBXGroup;
			children = (
				A4C556DA24BF178B000631B0 /* RxTest.framework */,
				A4C556D724BF1787000631B0 /* RxSwift.framework */,
				A4C556D424BF1783000631B0 /* RxRelay.framework */,
				A4C556D124BF177B000631B0 /* RxCocoa.framework */,
				A4C556CD24BF1777000631B0 /* RxBlocking.framework */,
			);
			name = Frameworks;
			sourceTree = "<group>";
		};
/* End PBXGroup section */

/* Begin PBXNativeTarget section */
		A4C556A624BF1578000631B0 /* RxSwiftDemo */ = {
			isa = PBXNativeTarget;
			buildConfigurationList = A4C556C624BF157D000631B0 /* Build configuration list for PBXNativeTarget "RxSwiftDemo" */;
			buildPhases = (
				A4C556A324BF1578000631B0 /* Sources */,
				A4C556A424BF1578000631B0 /* Frameworks */,
				A4C556A524BF1578000631B0 /* Resources */,
				A4C556DD24BF17AC000631B0 /* Carthage */,
			);
			buildRules = (
			);
			dependencies = (
			);
			name = RxSwiftDemo;
			productName = RxSwiftDemo;
			productReference = A4C556A724BF1578000631B0 /* RxSwiftDemo.app */;
			productType = "com.apple.product-type.application";
		};
		A4C556BC24BF157D000631B0 /* RxSwiftDemoTests */ = {
			isa = PBXNativeTarget;
			buildConfigurationList = A4C556C924BF157D000631B0 /* Build configuration list for PBXNativeTarget "RxSwiftDemoTests" */;
			buildPhases = (
				A4C556B924BF157D000631B0 /* Sources */,
				A4C556BA24BF157D000631B0 /* Frameworks */,
				A4C556BB24BF157D000631B0 /* Resources */,
			);
			buildRules = (
			);
			dependencies = (
				A4C556BF24BF157D000631B0 /* PBXTargetDependency */,
			);
			name = RxSwiftDemoTests;
			productName = RxSwiftDemoTests;
			productReference = A4C556BD24BF157D000631B0 /* RxSwiftDemoTests.xctest */;
			productType = "com.apple.product-type.bundle.unit-test";
		};
/* End PBXNativeTarget section */

/* Begin PBXProject section */
		A4C5569F24BF1578000631B0 /* Project object */ = {
			isa = PBXProject;
			attributes = {
				LastSwiftUpdateCheck = 1150;
				LastUpgradeCheck = 1150;
				ORGANIZATIONNAME = Sun;
				TargetAttributes = {
					A4C556A624BF1578000631B0 = {
						CreatedOnToolsVersion = 11.5;
						LastSwiftMigration = 1150;
					};
					A4C556BC24BF157D000631B0 = {
						CreatedOnToolsVersion = 11.5;
						TestTargetID = A4C556A624BF1578000631B0;
					};
				};
			};
			buildConfigurationList = A4C556A224BF1578000631B0 /* Build configuration list for PBXProject "RxSwiftDemo" */;
			compatibilityVersion = "Xcode 9.3";
			developmentRegion = en;
			hasScannedForEncodings = 0;
			knownRegions = (
				en,
				Base,
			);
			mainGroup = A4C5569E24BF1578000631B0;
			productRefGroup = A4C556A824BF1578000631B0 /* Products */;
			projectDirPath = "";
			projectRoot = "";
			targets = (
				A4C556A624BF1578000631B0 /* RxSwiftDemo */,
				A4C556BC24BF157D000631B0 /* RxSwiftDemoTests */,
			);
		};
/* End PBXProject section */

/* Begin PBXResourcesBuildPhase section */
		A4C556A524BF1578000631B0 /* Resources */ = {
			isa = PBXResourcesBuildPhase;
			buildActionMask = 2147483647;
			files = (
				A4C556B724BF157C000631B0 /* LaunchScreen.storyboard in Resources */,
				A4C556B424BF157C000631B0 /* Assets.xcassets in Resources */,
				A4C556B224BF1578000631B0 /* Main.storyboard in Resources */,
			);
			runOnlyForDeploymentPostprocessing = 0;
		};
		A4C556BB24BF157D000631B0 /* Resources */ = {
			isa = PBXResourcesBuildPhase;
			buildActionMask = 2147483647;
			files = (
			);
			runOnlyForDeploymentPostprocessing = 0;
		};
/* End PBXResourcesBuildPhase section */

/* Begin PBXShellScriptBuildPhase section */
		A4C556DD24BF17AC000631B0 /* Carthage */ = {
			isa = PBXShellScriptBuildPhase;
			buildActionMask = 2147483647;
			files = (
			);
			inputFileListPaths = (
				"$(SRCROOT)/input.xcfilelist",
			);
			inputPaths = (
			);
			name = Carthage;
			outputFileListPaths = (
				"$(SRCROOT)/output.xcfilelist",
			);
			outputPaths = (
			);
			runOnlyForDeploymentPostprocessing = 0;
			shellPath = /bin/sh;
			shellScript = "# Type a script or drag a script file from your workspace to insert its path.\n/usr/local/bin/carthage copy-frameworks\n";
		};
/* End PBXShellScriptBuildPhase section */

/* Begin PBXSourcesBuildPhase section */
		A4C556A324BF1578000631B0 /* Sources */ = {
			isa = PBXSourcesBuildPhase;
			buildActionMask = 2147483647;
			files = (
				A4C556DF24BF1B0F000631B0 /* ExampleCell.swift in Sources */,
				A4C556AF24BF1578000631B0 /* RootTableViewController.swift in Sources */,
				A4C556AB24BF1578000631B0 /* AppDelegate.swift in Sources */,
			);
			runOnlyForDeploymentPostprocessing = 0;
		};
		A4C556B924BF157D000631B0 /* Sources */ = {
			isa = PBXSourcesBuildPhase;
			buildActionMask = 2147483647;
			files = (
				A4C556C224BF157D000631B0 /* RxSwiftDemoTests.swift in Sources */,
			);
			runOnlyForDeploymentPostprocessing = 0;
		};
/* End PBXSourcesBuildPhase section */

/* Begin PBXTargetDependency section */
		A4C556BF24BF157D000631B0 /* PBXTargetDependency */ = {
			isa = PBXTargetDependency;
			target = A4C556A624BF1578000631B0 /* RxSwiftDemo */;
			targetProxy = A4C556BE24BF157D000631B0 /* PBXContainerItemProxy */;
		};
/* End PBXTargetDependency section */

/* Begin PBXVariantGroup section */
		A4C556B024BF1578000631B0 /* Main.storyboard */ = {
			isa = PBXVariantGroup;
			children = (
				A4C556B124BF1578000631B0 /* Base */,
			);
			name = Main.storyboard;
			sourceTree = "<group>";
		};
		A4C556B524BF157C000631B0 /* LaunchScreen.storyboard */ = {
			isa = PBXVariantGroup;
			children = (
				A4C556B624BF157C000631B0 /* Base */,
			);
			name = LaunchScreen.storyboard;
			sourceTree = "<group>";
		};
/* End PBXVariantGroup section */

/* Begin XCBuildConfiguration section */
		A4C556C424BF157D000631B0 /* Debug */ = {
			isa = XCBuildConfiguration;
			buildSettings = {
				ALWAYS_SEARCH_USER_PATHS = NO;
				CLANG_ANALYZER_NONNULL = YES;
				CLANG_ANALYZER_NUMBER_OBJECT_CONVERSION = YES_AGGRESSIVE;
				CLANG_CXX_LANGUAGE_STANDARD = "gnu++14";
				CLANG_CXX_LIBRARY = "libc++";
				CLANG_ENABLE_MODULES = YES;
				CLANG_ENABLE_OBJC_ARC = YES;
				CLANG_ENABLE_OBJC_WEAK = YES;
				CLANG_WARN_BLOCK_CAPTURE_AUTORELEASING = YES;
				CLANG_WARN_BOOL_CONVERSION = YES;
				CLANG_WARN_COMMA = YES;
				CLANG_WARN_CONSTANT_CONVERSION = YES;
				CLANG_WARN_DEPRECATED_OBJC_IMPLEMENTATIONS = YES;
				CLANG_WARN_DIRECT_OBJC_ISA_USAGE = YES_ERROR;
				CLANG_WARN_DOCUMENTATION_COMMENTS = YES;
				CLANG_WARN_EMPTY_BODY = YES;
				CLANG_WARN_ENUM_CONVERSION = YES;
				CLANG_WARN_INFINITE_RECURSION = YES;
				CLANG_WARN_INT_CONVERSION = YES;
				CLANG_WARN_NON_LITERAL_NULL_CONVERSION = YES;
				CLANG_WARN_OBJC_IMPLICIT_RETAIN_SELF = YES;
				CLANG_WARN_OBJC_LITERAL_CONVERSION = YES;
				CLANG_WARN_OBJC_ROOT_CLASS = YES_ERROR;
				CLANG_WARN_RANGE_LOOP_ANALYSIS = YES;
				CLANG_WARN_STRICT_PROTOTYPES = YES;
				CLANG_WARN_SUSPICIOUS_MOVE = YES;
				CLANG_WARN_UNGUARDED_AVAILABILITY = YES_AGGRESSIVE;
				CLANG_WARN_UNREACHABLE_CODE = YES;
				CLANG_WARN__DUPLICATE_METHOD_MATCH = YES;
				COPY_PHASE_STRIP = NO;
				DEBUG_INFORMATION_FORMAT = dwarf;
				ENABLE_STRICT_OBJC_MSGSEND = YES;
				ENABLE_TESTABILITY = YES;
				GCC_C_LANGUAGE_STANDARD = gnu11;
				GCC_DYNAMIC_NO_PIC = NO;
				GCC_NO_COMMON_BLOCKS = YES;
				GCC_OPTIMIZATION_LEVEL = 0;
				GCC_PREPROCESSOR_DEFINITIONS = (
					"DEBUG=1",
					"$(inherited)",
				);
				GCC_WARN_64_TO_32_BIT_CONVERSION = YES;
				GCC_WARN_ABOUT_RETURN_TYPE = YES_ERROR;
				GCC_WARN_UNDECLARED_SELECTOR = YES;
				GCC_WARN_UNINITIALIZED_AUTOS = YES_AGGRESSIVE;
				GCC_WARN_UNUSED_FUNCTION = YES;
				GCC_WARN_UNUSED_VARIABLE = YES;
				IPHONEOS_DEPLOYMENT_TARGET = 10.0;
				MTL_ENABLE_DEBUG_INFO = INCLUDE_SOURCE;
				MTL_FAST_MATH = YES;
				ONLY_ACTIVE_ARCH = YES;
				SDKROOT = iphoneos;
				SWIFT_ACTIVE_COMPILATION_CONDITIONS = DEBUG;
				SWIFT_OPTIMIZATION_LEVEL = "-Onone";
			};
			name = Debug;
		};
		A4C556C524BF157D000631B0 /* Release */ = {
			isa = XCBuildConfiguration;
			buildSettings = {
				ALWAYS_SEARCH_USER_PATHS = NO;
				CLANG_ANALYZER_NONNULL = YES;
				CLANG_ANALYZER_NUMBER_OBJECT_CONVERSION = YES_AGGRESSIVE;
				CLANG_CXX_LANGUAGE_STANDARD = "gnu++14";
				CLANG_CXX_LIBRARY = "libc++";
				CLANG_ENABLE_MODULES = YES;
				CLANG_ENABLE_OBJC_ARC = YES;
				CLANG_ENABLE_OBJC_WEAK = YES;
				CLANG_WARN_BLOCK_CAPTURE_AUTORELEASING = YES;
				CLANG_WARN_BOOL_CONVERSION = YES;
				CLANG_WARN_COMMA = YES;
				CLANG_WARN_CONSTANT_CONVERSION = YES;
				CLANG_WARN_DEPRECATED_OBJC_IMPLEMENTATIONS = YES;
				CLANG_WARN_DIRECT_OBJC_ISA_USAGE = YES_ERROR;
				CLANG_WARN_DOCUMENTATION_COMMENTS = YES;
				CLANG_WARN_EMPTY_BODY = YES;
				CLANG_WARN_ENUM_CONVERSION = YES;
				CLANG_WARN_INFINITE_RECURSION = YES;
				CLANG_WARN_INT_CONVERSION = YES;
				CLANG_WARN_NON_LITERAL_NULL_CONVERSION = YES;
				CLANG_WARN_OBJC_IMPLICIT_RETAIN_SELF = YES;
				CLANG_WARN_OBJC_LITERAL_CONVERSION = YES;
				CLANG_WARN_OBJC_ROOT_CLASS = YES_ERROR;
				CLANG_WARN_RANGE_LOOP_ANALYSIS = YES;
				CLANG_WARN_STRICT_PROTOTYPES = YES;
				CLANG_WARN_SUSPICIOUS_MOVE = YES;
				CLANG_WARN_UNGUARDED_AVAILABILITY = YES_AGGRESSIVE;
				CLANG_WARN_UNREACHABLE_CODE = YES;
				CLANG_WARN__DUPLICATE_METHOD_MATCH = YES;
				COPY_PHASE_STRIP = NO;
				DEBUG_INFORMATION_FORMAT = "dwarf-with-dsym";
				ENABLE_NS_ASSERTIONS = NO;
				ENABLE_STRICT_OBJC_MSGSEND = YES;
				GCC_C_LANGUAGE_STANDARD = gnu11;
				GCC_NO_COMMON_BLOCKS = YES;
				GCC_WARN_64_TO_32_BIT_CONVERSION = YES;
				GCC_WARN_ABOUT_RETURN_TYPE = YES_ERROR;
				GCC_WARN_UNDECLARED_SELECTOR = YES;
				GCC_WARN_UNINITIALIZED_AUTOS = YES_AGGRESSIVE;
				GCC_WARN_UNUSED_FUNCTION = YES;
				GCC_WARN_UNUSED_VARIABLE = YES;
				IPHONEOS_DEPLOYMENT_TARGET = 10.0;
				MTL_ENABLE_DEBUG_INFO = NO;
				MTL_FAST_MATH = YES;
				SDKROOT = iphoneos;
				SWIFT_COMPILATION_MODE = wholemodule;
				SWIFT_OPTIMIZATION_LEVEL = "-O";
				VALIDATE_PRODUCT = YES;
			};
			name = Release;
		};
		A4C556C724BF157D000631B0 /* Debug */ = {
			isa = XCBuildConfiguration;
			buildSettings = {
				ASSETCATALOG_COMPILER_APPICON_NAME = AppIcon;
				CLANG_ENABLE_MODULES = YES;
				CODE_SIGN_STYLE = Automatic;
				FRAMEWORK_SEARCH_PATHS = (
					"$(inherited)",
					"$(PROJECT_DIR)/Carthage/Build/iOS",
				);
				INFOPLIST_FILE = RxSwiftDemo/Info.plist;
				LD_RUNPATH_SEARCH_PATHS = (
					"$(inherited)",
					"@executable_path/Frameworks",
				);
				PRODUCT_BUNDLE_IDENTIFIER = com.qingclass.RxSwiftDemo;
				PRODUCT_NAME = "$(TARGET_NAME)";
				SWIFT_OPTIMIZATION_LEVEL = "-Onone";
				SWIFT_VERSION = 5.0;
				TARGETED_DEVICE_FAMILY = "1,2";
			};
			name = Debug;
		};
		A4C556C824BF157D000631B0 /* Release */ = {
			isa = XCBuildConfiguration;
			buildSettings = {
				ASSETCATALOG_COMPILER_APPICON_NAME = AppIcon;
				CLANG_ENABLE_MODULES = YES;
				CODE_SIGN_STYLE = Automatic;
				FRAMEWORK_SEARCH_PATHS = (
					"$(inherited)",
					"$(PROJECT_DIR)/Carthage/Build/iOS",
				);
				INFOPLIST_FILE = RxSwiftDemo/Info.plist;
				LD_RUNPATH_SEARCH_PATHS = (
					"$(inherited)",
					"@executable_path/Frameworks",
				);
				PRODUCT_BUNDLE_IDENTIFIER = com.qingclass.RxSwiftDemo;
				PRODUCT_NAME = "$(TARGET_NAME)";
				SWIFT_VERSION = 5.0;
				TARGETED_DEVICE_FAMILY = "1,2";
			};
			name = Release;
		};
		A4C556CA24BF157D000631B0 /* Debug */ = {
			isa = XCBuildConfiguration;
			buildSettings = {
				ALWAYS_EMBED_SWIFT_STANDARD_LIBRARIES = YES;
				BUNDLE_LOADER = "$(TEST_HOST)";
				CODE_SIGN_STYLE = Automatic;
				INFOPLIST_FILE = RxSwiftDemoTests/Info.plist;
				IPHONEOS_DEPLOYMENT_TARGET = 13.5;
				LD_RUNPATH_SEARCH_PATHS = (
					"$(inherited)",
					"@executable_path/Frameworks",
					"@loader_path/Frameworks",
				);
				PRODUCT_BUNDLE_IDENTIFIER = com.qingclass.RxSwiftDemoTests;
				PRODUCT_NAME = "$(TARGET_NAME)";
				SWIFT_VERSION = 5.0;
				TARGETED_DEVICE_FAMILY = "1,2";
				TEST_HOST = "$(BUILT_PRODUCTS_DIR)/RxSwiftDemo.app/RxSwiftDemo";
			};
			name = Debug;
		};
		A4C556CB24BF157D000631B0 /* Release */ = {
			isa = XCBuildConfiguration;
			buildSettings = {
				ALWAYS_EMBED_SWIFT_STANDARD_LIBRARIES = YES;
				BUNDLE_LOADER = "$(TEST_HOST)";
				CODE_SIGN_STYLE = Automatic;
				INFOPLIST_FILE = RxSwiftDemoTests/Info.plist;
				IPHONEOS_DEPLOYMENT_TARGET = 13.5;
				LD_RUNPATH_SEARCH_PATHS = (
					"$(inherited)",
					"@executable_path/Frameworks",
					"@loader_path/Frameworks",
				);
				PRODUCT_BUNDLE_IDENTIFIER = com.qingclass.RxSwiftDemoTests;
				PRODUCT_NAME = "$(TARGET_NAME)";
				SWIFT_VERSION = 5.0;
				TARGETED_DEVICE_FAMILY = "1,2";
				TEST_HOST = "$(BUILT_PRODUCTS_DIR)/RxSwiftDemo.app/RxSwiftDemo";
			};
			name = Release;
		};
/* End XCBuildConfiguration section */

/* Begin XCConfigurationList section */
		A4C556A224BF1578000631B0 /* Build configuration list for PBXProject "RxSwiftDemo" */ = {
			isa = XCConfigurationList;
			buildConfigurations = (
				A4C556C424BF157D000631B0 /* Debug */,
				A4C556C524BF157D000631B0 /* Release */,
			);
			defaultConfigurationIsVisible = 0;
			defaultConfigurationName = Release;
		};
		A4C556C624BF157D000631B0 /* Build configuration list for PBXNativeTarget "RxSwiftDemo" */ = {
			isa = XCConfigurationList;
			buildConfigurations = (
				A4C556C724BF157D000631B0 /* Debug */,
				A4C556C824BF157D000631B0 /* Release */,
			);
			defaultConfigurationIsVisible = 0;
			defaultConfigurationName = Release;
		};
		A4C556C924BF157D000631B0 /* Build configuration list for PBXNativeTarget "RxSwiftDemoTests" */ = {
			isa = XCConfigurationList;
			buildConfigurations = (
				A4C556CA24BF157D000631B0 /* Debug */,
				A4C556CB24BF157D000631B0 /* Release */,
			);
			defaultConfigurationIsVisible = 0;
			defaultConfigurationName = Release;
		};
/* End XCConfigurationList section */
	};
	rootObject = A4C5569F24BF1578000631B0 /* Project object */;
}
